
Microsoft Visual Studio Solution File, Format Version 12.00
# Visual Studio Version 16
VisualStudioVersion = 16.0.29519.87
MinimumVisualStudioVersion = 10.0.40219.1
Project("{FAE04EC0-301F-11D3-BF4B-00C04F79EFBC}") = "RecipeTracker", "RecipeTracker.csproj", "{4A4C099B-F009-4BE4-A289-C85395D5DC47}"
EndProject
Project("{FAE04EC0-301F-11D3-BF4B-00C04F79EFBC}") = "RecipeTracker.Tests", "..\RecipeTracker.Tests\RecipeTracker.Tests.csproj", "{B12F2537-1566-4AD5-A391-7A4DB7A90558}"
EndProject
Global
	GlobalSection(SolutionConfigurationPlatforms) = preSolution
		Debug|Any CPU = Debug|Any CPU
		Release|Any CPU = Release|Any CPU
	EndGlobalSection
	GlobalSection(ProjectConfigurationPlatforms) = postSolution
		{4A4C099B-F009-4BE4-A289-C85395D5DC47}.Debug|Any CPU.ActiveCfg = Debug|Any CPU
		{4A4C099B-F009-4BE4-A289-C85395D5DC47}.Debug|Any CPU.Build.0 = Debug|Any CPU
		{4A4C099B-F009-4BE4-A289-C85395D5DC47}.Release|Any CPU.ActiveCfg = Release|Any CPU
		{4A4C099B-F009-4BE4-A289-C85395D5DC47}.Release|Any CPU.Build.0 = Release|Any CPU
		{B12F2537-1566-4AD5-A391-7A4DB7A90558}.Debug|Any CPU.ActiveCfg = Debug|Any CPU
		{B12F2537-1566-4AD5-A391-7A4DB7A90558}.Debug|Any CPU.Build.0 = Debug|Any CPU
		{B12F2537-1566-4AD5-A391-7A4DB7A90558}.Release|Any CPU.ActiveCfg = Release|Any CPU
		{B12F2537-1566-4AD5-A391-7A4DB7A90558}.Release|Any CPU.Build.0 = Release|Any CPU
	EndGlobalSection
	GlobalSection(SolutionProperties) = preSolution
		HideSolutionNode = FALSE
	EndGlobalSection
	GlobalSection(ExtensibilityGlobals) = postSolution
		SolutionGuid = {358582CF-765F-4974-B613-56B911ABAC90}
	EndGlobalSection
EndGlobal
